PODS:
  - Alamofire (5.8.1)
  - DGCharts (5.0.0):
    - DGCharts/Core (= 5.0.0)
  - DGCharts/Core (5.0.0)
  - FloatingPanel (2.8.0)
  - Hero (1.6.2)
  - Kingfisher (7.10.0)
  - lottie-ios (4.3.3)
  - netfox (1.21.0)
  - Parchment (3.2.0)
  - RxCocoa (6.6.0):
    - RxRelay (= 6.6.0)
    - RxSwift (= 6.6.0)
  - RxGesture (4.0.4):
    - RxCocoa (~> 6.0)
    - RxSwift (~> 6.0)
  - RxRelay (6.6.0):
    - RxSwift (= 6.6.0)
  - RxSwift (6.6.0)
  - SkeletonView (1.30.4)
  - Toast-Swift (5.0.1)
  - YouTubePlayer (0.7.2)

DEPENDENCIES:
  - Alamofire
  - DGCharts
  - FloatingPanel
  - Hero
  - Kingfisher
  - lottie-ios
  - netfox
  - Parchment (~> 3.2)
  - RxCocoa (= 6.6.0)
  - RxGesture
  - RxSwift (= 6.6.0)
  - SkeletonView
  - Toast-Swift (~> 5.0.1)
  - YouTubePlayer

SPEC REPOS:
  trunk:
    - Alamofire
    - DGCharts
    - FloatingPanel
    - Hero
    - Kingfisher
    - lottie-ios
    - netfox
    - Parchment
    - RxCocoa
    - RxGesture
    - RxRelay
    - RxSwift
    - SkeletonView
    - Toast-Swift
    - YouTubePlayer

SPEC CHECKSUMS:
  Alamofire: 3ca42e259043ee0dc5c0cdd76c4bc568b8e42af7
  DGCharts: 6e0cf2644e8f81ad13f04caa8bc18502870a1c54
  FloatingPanel: f585be005983e66f8f4932f93ca46bf9f09dae3a
  Hero: c69009dbc9e2f0472e081adc644dba05fcedae72
  Kingfisher: a18f05d3b6d37d8650ee4a3e61d57a28fc6207f6
  lottie-ios: 25e7b2675dad5c3ddad369ac9baab03560c5bfdd
  netfox: 9d5cc727fe7576c4c7688a2504618a156b7d44b7
  Parchment: a43c440b22c8a60f7e0196b74339446d4d1d18ea
  RxCocoa: 44a80de90e25b739b5aeaae3c8c371a32e3343cc
  RxGesture: f3efb47ed2d26a8082f7b660d4a59970e275a7f8
  RxRelay: 45eaa5db8ee4fb50e5ebd57deec0159e97fa51e6
  RxSwift: a4b44f7d24599f674deebd1818eab82e58410632
  SkeletonView: 5a050f6411e697abd4cda0a8d767013399dccd69
  Toast-Swift: 9b6a70f28b3bf0b96c40d46c0c4b9d6639846711
  YouTubePlayer: 2b5f2830d8f9b2cde942083211291e382c9e6bd5

PODFILE CHECKSUM: 32c3010319f084be15e0ce63d318908301886552

COCOAPODS: 1.14.2
